// !$*UTF8*$!
{
	archiveVersion = 1;
	classes = {
	};
	objectVersion = 50;
	objects = {

/* Begin PBXBuildFile section */
		81F33F2D24ED1E3B00E64DCA /* main.swift in Sources */ = {isa = PBXBuildFile; fileRef = 81F33F2C24ED1E3B00E64DCA /* main.swift */; };
		81F33F3424ED1EC800E64DCA /* CommandLiner.swift in Sources */ = {isa = PBXBuildFile; fileRef = 81F33F3324ED1EC800E64DCA /* CommandLiner.swift */; };
		81F33F3624ED215E00E64DCA /* InputSource.swift in Sources */ = {isa = PBXBuildFile; fileRef = 81F33F3524ED215E00E64DCA /* InputSource.swift */; };
		81F33F3824ED268D00E64DCA /* TISInputSource+Additions.swift in Sources */ = {isa = PBXBuildFile; fileRef = 81F33F3724ED268D00E64DCA /* TISInputSource+Additions.swift */; };
/* End PBXBuildFile section */

/* Begin PBXCopyFilesBuildPhase section */
		81F33F2724ED1E3B00E64DCA /* CopyFiles */ = {
			isa = PBXCopyFilesBuildPhase;
			buildActionMask = 2147483647;
			dstPath = /usr/share/man/man1/;
			dstSubfolderSpec = 0;
			files = (
			);
			runOnlyForDeploymentPostprocessing = 1;
		};
/* End PBXCopyFilesBuildPhase section */

/* Begin PBXFileReference section */
		81F33F2924ED1E3B00E64DCA /* keyboardswitcher */ = {isa = PBXFileReference; explicitFileType = "compiled.mach-o.executable"; includeInIndex = 0; path = keyboardswitcher; sourceTree = BUILT_PRODUCTS_DIR; };
		81F33F2C24ED1E3B00E64DCA /* main.swift */ = {isa = PBXFileReference; lastKnownFileType = sourcecode.swift; path = main.swift; sourceTree = "<group>"; };
		81F33F3324ED1EC800E64DCA /* CommandLiner.swift */ = {isa = PBXFileReference; lastKnownFileType = sourcecode.swift; path = CommandLiner.swift; sourceTree = "<group>"; };
		81F33F3524ED215E00E64DCA /* InputSource.swift */ = {isa = PBXFileReference; lastKnownFileType = sourcecode.swift; path = InputSource.swift; sourceTree = "<group>"; };
		81F33F3724ED268D00E64DCA /* TISInputSource+Additions.swift */ = {isa = PBXFileReference; lastKnownFileType = sourcecode.swift; path = "TISInputSource+Additions.swift"; sourceTree = "<group>"; };
		81F33F3D24ED876200E64DCA /* Info.plist */ = {isa = PBXFileReference; lastKnownFileType = text.plist.xml; path = Info.plist; sourceTree = "<group>"; };
/* End PBXFileReference section */

/* Begin PBXFrameworksBuildPhase section */
		81F33F2624ED1E3B00E64DCA /* Frameworks */ = {
			isa = PBXFrameworksBuildPhase;
			buildActionMask = 2147483647;
			files = (
			);
			runOnlyForDeploymentPostprocessing = 0;
		};
/* End PBXFrameworksBuildPhase section */

/* Begin PBXGroup section */
		81F33F2024ED1E3B00E64DCA = {
			isa = PBXGroup;
			children = (
				81F33F2B24ED1E3B00E64DCA /* KeyboardSwitcher */,
				81F33F2A24ED1E3B00E64DCA /* Products */,
			);
			sourceTree = "<group>";
		};
		81F33F2A24ED1E3B00E64DCA /* Products */ = {
			isa = PBXGroup;
			children = (
				81F33F2924ED1E3B00E64DCA /* keyboardswitcher */,
			);
			name = Products;
			sourceTree = "<group>";
		};
		81F33F2B24ED1E3B00E64DCA /* KeyboardSwitcher */ = {
			isa = PBXGroup;
			children = (
				81F33F2C24ED1E3B00E64DCA /* main.swift */,
				81F33F3324ED1EC800E64DCA /* CommandLiner.swift */,
				81F33F3524ED215E00E64DCA /* InputSource.swift */,
				81F33F3724ED268D00E64DCA /* TISInputSource+Additions.swift */,
				81F33F3D24ED876200E64DCA /* Info.plist */,
			);
			path = KeyboardSwitcher;
			sourceTree = "<group>";
		};
/* End PBXGroup section */

/* Begin PBXNativeTarget section */
		81F33F2824ED1E3B00E64DCA /* keyboardswitcher */ = {
			isa = PBXNativeTarget;
			buildConfigurationList = 81F33F3024ED1E3B00E64DCA /* Build configuration list for PBXNativeTarget "keyboardswitcher" */;
			buildPhases = (
				81F33F2524ED1E3B00E64DCA /* Sources */,
				81F33F2624ED1E3B00E64DCA /* Frameworks */,
				81F33F2724ED1E3B00E64DCA /* CopyFiles */,
			);
			buildRules = (
			);
			dependencies = (
			);
			name = keyboardswitcher;
			productName = KeyboardSwitcher;
			productReference = 81F33F2924ED1E3B00E64DCA /* keyboardswitcher */;
			productType = "com.apple.product-type.tool";
		};
/* End PBXNativeTarget section */

/* Begin PBXProject section */
		81F33F2124ED1E3B00E64DCA /* Project object */ = {
			isa = PBXProject;
			attributes = {
				LastSwiftUpdateCheck = 1160;
				LastUpgradeCheck = 1160;
				ORGANIZATIONNAME = "Andreas Nilsson";
				TargetAttributes = {
					81F33F2824ED1E3B00E64DCA = {
						CreatedOnToolsVersion = 11.6;
					};
				};
			};
			buildConfigurationList = 81F33F2424ED1E3B00E64DCA /* Build configuration list for PBXProject "KeyboardSwitcher" */;
			compatibilityVersion = "Xcode 9.3";
			developmentRegion = en;
			hasScannedForEncodings = 0;
			knownRegions = (
				en,
				Base,
			);
			mainGroup = 81F33F2024ED1E3B00E64DCA;
			productRefGroup = 81F33F2A24ED1E3B00E64DCA /* Products */;
			projectDirPath = "";
			projectRoot = "";
			targets = (
				81F33F2824ED1E3B00E64DCA /* keyboardswitcher */,
			);
		};
/* End PBXProject section */

/* Begin PBXSourcesBuildPhase section */
		81F33F2524ED1E3B00E64DCA /* Sources */ = {
			isa = PBXSourcesBuildPhase;
			buildActionMask = 2147483647;
			files = (
				81F33F3824ED268D00E64DCA /* TISInputSource+Additions.swift in Sources */,
				81F33F3624ED215E00E64DCA /* InputSource.swift in Sources */,
				81F33F2D24ED1E3B00E64DCA /* main.swift in Sources */,
				81F33F3424ED1EC800E64DCA /* CommandLiner.swift in Sources */,
			);
			runOnlyForDeploymentPostprocessing = 0;
		};
/* End PBXSourcesBuildPhase section */

/* Begin XCBuildConfiguration section */
		81F33F2E24ED1E3B00E64DCA /* Debug */ = {
			isa = XCBuildConfiguration;
			buildSettings = {
				ALWAYS_SEARCH_USER_PATHS = NO;
				CLANG_ANALYZER_NONNULL = YES;
				CLANG_ANALYZER_NUMBER_OBJECT_CONVERSION = YES_AGGRESSIVE;
				CLANG_CXX_LANGUAGE_STANDARD = "gnu++14";
				CLANG_CXX_LIBRARY = "libc++";
				CLANG_ENABLE_MODULES = YES;
				CLANG_ENABLE_OBJC_ARC = YES;
				CLANG_ENABLE_OBJC_WEAK = YES;
				CLANG_WARN_BLOCK_CAPTURE_AUTORELEASING = YES;
				CLANG_WARN_BOOL_CONVERSION = YES;
				CLANG_WARN_COMMA = YES;
				CLANG_WARN_CONSTANT_CONVERSION = YES;
				CLANG_WARN_DEPRECATED_OBJC_IMPLEMENTATIONS = YES;
				CLANG_WARN_DIRECT_OBJC_ISA_USAGE = YES_ERROR;
				CLANG_WARN_DOCUMENTATION_COMMENTS = YES;
				CLANG_WARN_EMPTY_BODY = YES;
				CLANG_WARN_ENUM_CONVERSION = YES;
				CLANG_WARN_INFINITE_RECURSION = YES;
				CLANG_WARN_INT_CONVERSION = YES;
				CLANG_WARN_NON_LITERAL_NULL_CONVERSION = YES;
				CLANG_WARN_OBJC_IMPLICIT_RETAIN_SELF = YES;
				CLANG_WARN_OBJC_LITERAL_CONVERSION = YES;
				CLANG_WARN_OBJC_ROOT_CLASS = YES_ERROR;
				CLANG_WARN_RANGE_LOOP_ANALYSIS = YES;
				CLANG_WARN_STRICT_PROTOTYPES = YES;
				CLANG_WARN_SUSPICIOUS_MOVE = YES;
				CLANG_WARN_UNGUARDED_AVAILABILITY = YES_AGGRESSIVE;
				CLANG_WARN_UNREACHABLE_CODE = YES;
				CLANG_WARN__DUPLICATE_METHOD_MATCH = YES;
				COPY_PHASE_STRIP = NO;
				DEBUG_INFORMATION_FORMAT = dwarf;
				ENABLE_STRICT_OBJC_MSGSEND = YES;
				ENABLE_TESTABILITY = YES;
				GCC_C_LANGUAGE_STANDARD = gnu11;
				GCC_DYNAMIC_NO_PIC = NO;
				GCC_NO_COMMON_BLOCKS = YES;
				GCC_OPTIMIZATION_LEVEL = 0;
				GCC_PREPROCESSOR_DEFINITIONS = (
					"DEBUG=1",
					"$(inherited)",
				);
				GCC_WARN_64_TO_32_BIT_CONVERSION = YES;
				GCC_WARN_ABOUT_RETURN_TYPE = YES_ERROR;
				GCC_WARN_UNDECLARED_SELECTOR = YES;
				GCC_WARN_UNINITIALIZED_AUTOS = YES_AGGRESSIVE;
				GCC_WARN_UNUSED_FUNCTION = YES;
				GCC_WARN_UNUSED_VARIABLE = YES;
				MACOSX_DEPLOYMENT_TARGET = 10.15;
				MTL_ENABLE_DEBUG_INFO = INCLUDE_SOURCE;
				MTL_FAST_MATH = YES;
				ONLY_ACTIVE_ARCH = YES;
				SDKROOT = macosx;
				SWIFT_ACTIVE_COMPILATION_CONDITIONS = DEBUG;
				SWIFT_OPTIMIZATION_LEVEL = "-Onone";
			};
			name = Debug;
		};
		81F33F2F24ED1E3B00E64DCA /* Release */ = {
			isa = XCBuildConfiguration;
			buildSettings = {
				ALWAYS_SEARCH_USER_PATHS = NO;
				CLANG_ANALYZER_NONNULL = YES;
				CLANG_ANALYZER_NUMBER_OBJECT_CONVERSION = YES_AGGRESSIVE;
				CLANG_CXX_LANGUAGE_STANDARD = "gnu++14";
				CLANG_CXX_LIBRARY = "libc++";
				CLANG_ENABLE_MODULES = YES;
				CLANG_ENABLE_OBJC_ARC = YES;
				CLANG_ENABLE_OBJC_WEAK = YES;
				CLANG_WARN_BLOCK_CAPTURE_AUTORELEASING = YES;
				CLANG_WARN_BOOL_CONVERSION = YES;
				CLANG_WARN_COMMA = YES;
				CLANG_WARN_CONSTANT_CONVERSION = YES;
				CLANG_WARN_DEPRECATED_OBJC_IMPLEMENTATIONS = YES;
				CLANG_WARN_DIRECT_OBJC_ISA_USAGE = YES_ERROR;
				CLANG_WARN_DOCUMENTATION_COMMENTS = YES;
				CLANG_WARN_EMPTY_BODY = YES;
				CLANG_WARN_ENUM_CONVERSION = YES;
				CLANG_WARN_INFINITE_RECURSION = YES;
				CLANG_WARN_INT_CONVERSION = YES;
				CLANG_WARN_NON_LITERAL_NULL_CONVERSION = YES;
				CLANG_WARN_OBJC_IMPLICIT_RETAIN_SELF = YES;
				CLANG_WARN_OBJC_LITERAL_CONVERSION = YES;
				CLANG_WARN_OBJC_ROOT_CLASS = YES_ERROR;
				CLANG_WARN_RANGE_LOOP_ANALYSIS = YES;
				CLANG_WARN_STRICT_PROTOTYPES = YES;
				CLANG_WARN_SUSPICIOUS_MOVE = YES;
				CLANG_WARN_UNGUARDED_AVAILABILITY = YES_AGGRESSIVE;
				CLANG_WARN_UNREACHABLE_CODE = YES;
				CLANG_WARN__DUPLICATE_METHOD_MATCH = YES;
				COPY_PHASE_STRIP = NO;
				DEBUG_INFORMATION_FORMAT = "dwarf-with-dsym";
				ENABLE_NS_ASSERTIONS = NO;
				ENABLE_STRICT_OBJC_MSGSEND = YES;
				GCC_C_LANGUAGE_STANDARD = gnu11;
				GCC_NO_COMMON_BLOCKS = YES;
				GCC_WARN_64_TO_32_BIT_CONVERSION = YES;
				GCC_WARN_ABOUT_RETURN_TYPE = YES_ERROR;
				GCC_WARN_UNDECLARED_SELECTOR = YES;
				GCC_WARN_UNINITIALIZED_AUTOS = YES_AGGRESSIVE;
				GCC_WARN_UNUSED_FUNCTION = YES;
				GCC_WARN_UNUSED_VARIABLE = YES;
				MACOSX_DEPLOYMENT_TARGET = 10.15;
				MTL_ENABLE_DEBUG_INFO = NO;
				MTL_FAST_MATH = YES;
				SDKROOT = macosx;
				SWIFT_COMPILATION_MODE = wholemodule;
				SWIFT_OPTIMIZATION_LEVEL = "-O";
			};
			name = Release;
		};
		81F33F3124ED1E3B00E64DCA /* Debug */ = {
			isa = XCBuildConfiguration;
			buildSettings = {
				CODE_SIGN_IDENTITY = "-";
				CODE_SIGN_STYLE = Manual;
				CURRENT_PROJECT_VERSION = 1;
				DEVELOPMENT_TEAM = "";
				ENABLE_HARDENED_RUNTIME = YES;
				INFOPLIST_FILE = "$(SRCROOT)/KeyboardSwitcher/Info.plist";
				MARKETING_VERSION = 1.0.0;
				PRODUCT_BUNDLE_IDENTIFIER = com.andynil.keyboardswitcher;
				PRODUCT_NAME = "$(TARGET_NAME)";
				PROVISIONING_PROFILE_SPECIFIER = "";
				SWIFT_VERSION = 5.0;
			};
			name = Debug;
		};
		81F33F3224ED1E3B00E64DCA /* Release */ = {
			isa = XCBuildConfiguration;
			buildSettings = {
				CODE_SIGN_IDENTITY = "-";
				CODE_SIGN_STYLE = Manual;
				CURRENT_PROJECT_VERSION = 1;
				DEVELOPMENT_TEAM = "";
				ENABLE_HARDENED_RUNTIME = YES;
				INFOPLIST_FILE = "$(SRCROOT)/KeyboardSwitcher/Info.plist";
				MARKETING_VERSION = 1.0.0;
				PRODUCT_BUNDLE_IDENTIFIER = com.andynil.keyboardswitcher;
				PRODUCT_NAME = "$(TARGET_NAME)";
				PROVISIONING_PROFILE_SPECIFIER = "";
				SWIFT_VERSION = 5.0;
			};
			name = Release;
		};
/* End XCBuildConfiguration section */

/* Begin XCConfigurationList section */
		81F33F2424ED1E3B00E64DCA /* Build configuration list for PBXProject "KeyboardSwitcher" */ = {
			isa = XCConfigurationList;
			buildConfigurations = (
				81F33F2E24ED1E3B00E64DCA /* Debug */,
				81F33F2F24ED1E3B00E64DCA /* Release */,
			);
			defaultConfigurationIsVisible = 0;
			defaultConfigurationName = Release;
		};
		81F33F3024ED1E3B00E64DCA /* Build configuration list for PBXNativeTarget "keyboardswitcher" */ = {
			isa = XCConfigurationList;
			buildConfigurations = (
				81F33F3124ED1E3B00E64DCA /* Debug */,
				81F33F3224ED1E3B00E64DCA /* Release */,
			);
			defaultConfigurationIsVisible = 0;
			defaultConfigurationName = Release;
		};
/* End XCConfigurationList section */
	};
	rootObject = 81F33F2124ED1E3B00E64DCA /* Project object */;
}
